// !$*UTF8*$!
{
	archiveVersion = 1;
	classes = {
	};
	objectVersion = 77;
	objects = {

/* Begin PBXBuildFile section */
		BF0A7D5C2DB02E1F0087AC4A /* FirebaseAnalytics in Frameworks */ = {isa = PBXBuildFile; productRef = BF0A7D5B2DB02E1F0087AC4A /* FirebaseAnalytics */; };
		BF0A7D5E2DB02E1F0087AC4A /* FirebaseAnalyticsOnDeviceConversion in Frameworks */ = {isa = PBXBuildFile; productRef = BF0A7D5D2DB02E1F0087AC4A /* FirebaseAnalyticsOnDeviceConversion */; };
		BF0A7D602DB02E1F0087AC4A /* FirebaseAnalyticsWithoutAdIdSupport in Frameworks */ = {isa = PBXBuildFile; productRef = BF0A7D5F2DB02E1F0087AC4A /* FirebaseAnalyticsWithoutAdIdSupport */; };
		BF0A7D622DB02E1F0087AC4A /* FirebaseAppCheck in Frameworks */ = {isa = PBXBuildFile; productRef = BF0A7D612DB02E1F0087AC4A /* FirebaseAppCheck */; };
		BF0A7D642DB02E1F0087AC4A /* FirebaseAppDistribution-Beta in Frameworks */ = {isa = PBXBuildFile; productRef = BF0A7D632DB02E1F0087AC4A /* FirebaseAppDistribution-Beta */; };
		BF0A7D662DB02EBB0087AC4A /* FirebaseAuth in Frameworks */ = {isa = PBXBuildFile; productRef = BF0A7D652DB02EBB0087AC4A /* FirebaseAuth */; };
		BF0A7D682DB02EBB0087AC4A /* FirebaseCrashlytics in Frameworks */ = {isa = PBXBuildFile; productRef = BF0A7D672DB02EBB0087AC4A /* FirebaseCrashlytics */; };
		BF0A7D6A2DB02EBB0087AC4A /* FirebaseDatabase in Frameworks */ = {isa = PBXBuildFile; productRef = BF0A7D692DB02EBB0087AC4A /* FirebaseDatabase */; };
		BF0A7D6C2DB02EBB0087AC4A /* FirebaseDynamicLinks in Frameworks */ = {isa = PBXBuildFile; productRef = BF0A7D6B2DB02EBB0087AC4A /* FirebaseDynamicLinks */; };
		BF0A7D6E2DB02EBB0087AC4A /* FirebaseFirestore in Frameworks */ = {isa = PBXBuildFile; productRef = BF0A7D6D2DB02EBB0087AC4A /* FirebaseFirestore */; };
		BF0A7D702DB02EBB0087AC4A /* FirebaseFirestoreCombine-Community in Frameworks */ = {isa = PBXBuildFile; productRef = BF0A7D6F2DB02EBB0087AC4A /* FirebaseFirestoreCombine-Community */; };
		BF0A7D722DB02EBB0087AC4A /* FirebaseFunctions in Frameworks */ = {isa = PBXBuildFile; productRef = BF0A7D712DB02EBB0087AC4A /* FirebaseFunctions */; };
		BF0A7D742DB02EBB0087AC4A /* FirebaseFunctionsCombine-Community in Frameworks */ = {isa = PBXBuildFile; productRef = BF0A7D732DB02EBB0087AC4A /* FirebaseFunctionsCombine-Community */; };
		BF0A7D762DB02EBB0087AC4A /* FirebaseInAppMessaging-Beta in Frameworks */ = {isa = PBXBuildFile; productRef = BF0A7D752DB02EBB0087AC4A /* FirebaseInAppMessaging-Beta */; };
		BF0A7D782DB02EBB0087AC4A /* FirebaseInstallations in Frameworks */ = {isa = PBXBuildFile; productRef = BF0A7D772DB02EBB0087AC4A /* FirebaseInstallations */; };
		BF0A7D7A2DB02EBB0087AC4A /* FirebaseMLModelDownloader in Frameworks */ = {isa = PBXBuildFile; productRef = BF0A7D792DB02EBB0087AC4A /* FirebaseMLModelDownloader */; };
		BF0A7D7C2DB02EBB0087AC4A /* FirebaseMessaging in Frameworks */ = {isa = PBXBuildFile; productRef = BF0A7D7B2DB02EBB0087AC4A /* FirebaseMessaging */; };
		BF0A7D7E2DB02EBB0087AC4A /* FirebasePerformance in Frameworks */ = {isa = PBXBuildFile; productRef = BF0A7D7D2DB02EBB0087AC4A /* FirebasePerformance */; };
		BF0A7D802DB02EBB0087AC4A /* FirebaseRemoteConfig in Frameworks */ = {isa = PBXBuildFile; productRef = BF0A7D7F2DB02EBB0087AC4A /* FirebaseRemoteConfig */; };
		BF0A7D822DB02EBB0087AC4A /* FirebaseStorage in Frameworks */ = {isa = PBXBuildFile; productRef = BF0A7D812DB02EBB0087AC4A /* FirebaseStorage */; };
		BF0A7D842DB02EBB0087AC4A /* FirebaseStorageCombine-Community in Frameworks */ = {isa = PBXBuildFile; productRef = BF0A7D832DB02EBB0087AC4A /* FirebaseStorageCombine-Community */; };
		BF0A7D862DB02EBB0087AC4A /* FirebaseVertexAI in Frameworks */ = {isa = PBXBuildFile; productRef = BF0A7D852DB02EBB0087AC4A /* FirebaseVertexAI */; };
		BF61F3B42DC2A44D00A4AE84 /* KeychainAccess in Frameworks */ = {isa = PBXBuildFile; productRef = BF61F3B32DC2A44D00A4AE84 /* KeychainAccess */; };
		BF61F3B72DC2A48900A4AE84 /* JWTDecode in Frameworks */ = {isa = PBXBuildFile; productRef = BF61F3B62DC2A48900A4AE84 /* JWTDecode */; };
/* End PBXBuildFile section */

/* Begin PBXContainerItemProxy section */
		BF0A7D3A2DB02A640087AC4A /* PBXContainerItemProxy */ = {
			isa = PBXContainerItemProxy;
			containerPortal = BF0A7D232DB02A620087AC4A /* Project object */;
			proxyType = 1;
			remoteGlobalIDString = BF0A7D2A2DB02A620087AC4A;
			remoteInfo = Tp3;
		};
		BF0A7D442DB02A640087AC4A /* PBXContainerItemProxy */ = {
			isa = PBXContainerItemProxy;
			containerPortal = BF0A7D232DB02A620087AC4A /* Project object */;
			proxyType = 1;
			remoteGlobalIDString = BF0A7D2A2DB02A620087AC4A;
			remoteInfo = Tp3;
		};
/* End PBXContainerItemProxy section */

/* Begin PBXFileReference section */
		BF0A7D2B2DB02A620087AC4A /* Tp3.app */ = {isa = PBXFileReference; explicitFileType = wrapper.application; includeInIndex = 0; path = Tp3.app; sourceTree = BUILT_PRODUCTS_DIR; };
		BF0A7D392DB02A640087AC4A /* Tp3Tests.xctest */ = {isa = PBXFileReference; explicitFileType = wrapper.cfbundle; includeInIndex = 0; path = Tp3Tests.xctest; sourceTree = BUILT_PRODUCTS_DIR; };
		BF0A7D432DB02A640087AC4A /* Tp3UITests.xctest */ = {isa = PBXFileReference; explicitFileType = wrapper.cfbundle; includeInIndex = 0; path = Tp3UITests.xctest; sourceTree = BUILT_PRODUCTS_DIR; };
/* End PBXFileReference section */

/* Begin PBXFileSystemSynchronizedRootGroup section */
		BF0A7D2D2DB02A620087AC4A /* Tp3 */ = {
			isa = PBXFileSystemSynchronizedRootGroup;
			path = Tp3;
			sourceTree = "<group>";
		};
/* End PBXFileSystemSynchronizedRootGroup section */

/* Begin PBXFrameworksBuildPhase section */
		BF0A7D282DB02A620087AC4A /* Frameworks */ = {
			isa = PBXFrameworksBuildPhase;
			buildActionMask = 2147483647;
			files = (
				BF0A7D622DB02E1F0087AC4A /* FirebaseAppCheck in Frameworks */,
				BF0A7D842DB02EBB0087AC4A /* FirebaseStorageCombine-Community in Frameworks */,
				BF61F3B72DC2A48900A4AE84 /* JWTDecode in Frameworks */,
				BF0A7D762DB02EBB0087AC4A /* FirebaseInAppMessaging-Beta in Frameworks */,
				BF0A7D7E2DB02EBB0087AC4A /* FirebasePerformance in Frameworks */,
				BF0A7D662DB02EBB0087AC4A /* FirebaseAuth in Frameworks */,
				BF0A7D862DB02EBB0087AC4A /* FirebaseVertexAI in Frameworks */,
				BF0A7D7A2DB02EBB0087AC4A /* FirebaseMLModelDownloader in Frameworks */,
				BF0A7D5C2DB02E1F0087AC4A /* FirebaseAnalytics in Frameworks */,
				BF0A7D722DB02EBB0087AC4A /* FirebaseFunctions in Frameworks */,
				BF0A7D6E2DB02EBB0087AC4A /* FirebaseFirestore in Frameworks */,
				BF0A7D682DB02EBB0087AC4A /* FirebaseCrashlytics in Frameworks */,
				BF0A7D702DB02EBB0087AC4A /* FirebaseFirestoreCombine-Community in Frameworks */,
				BF0A7D802DB02EBB0087AC4A /* FirebaseRemoteConfig in Frameworks */,
				BF0A7D7C2DB02EBB0087AC4A /* FirebaseMessaging in Frameworks */,
				BF0A7D642DB02E1F0087AC4A /* FirebaseAppDistribution-Beta in Frameworks */,
				BF0A7D822DB02EBB0087AC4A /* FirebaseStorage in Frameworks */,
				BF0A7D782DB02EBB0087AC4A /* FirebaseInstallations in Frameworks */,
				BF0A7D742DB02EBB0087AC4A /* FirebaseFunctionsCombine-Community in Frameworks */,
				BF0A7D6C2DB02EBB0087AC4A /* FirebaseDynamicLinks in Frameworks */,
				BF0A7D602DB02E1F0087AC4A /* FirebaseAnalyticsWithoutAdIdSupport in Frameworks */,
				BF0A7D6A2DB02EBB0087AC4A /* FirebaseDatabase in Frameworks */,
				BF0A7D5E2DB02E1F0087AC4A /* FirebaseAnalyticsOnDeviceConversion in Frameworks */,
				BF61F3B42DC2A44D00A4AE84 /* KeychainAccess in Frameworks */,
			);
			runOnlyForDeploymentPostprocessing = 0;
		};
		BF0A7D362DB02A640087AC4A /* Frameworks */ = {
			isa = PBXFrameworksBuildPhase;
			buildActionMask = 2147483647;
			files = (
			);
			runOnlyForDeploymentPostprocessing = 0;
		};
		BF0A7D402DB02A640087AC4A /* Frameworks */ = {
			isa = PBXFrameworksBuildPhase;
			buildActionMask = 2147483647;
			files = (
			);
			runOnlyForDeploymentPostprocessing = 0;
		};
/* End PBXFrameworksBuildPhase section */

/* Begin PBXGroup section */
		BF0A7D222DB02A620087AC4A = {
			isa = PBXGroup;
			children = (
				BF0A7D2D2DB02A620087AC4A /* Tp3 */,
				BF0A7D2C2DB02A620087AC4A /* Products */,
			);
			sourceTree = "<group>";
		};
		BF0A7D2C2DB02A620087AC4A /* Products */ = {
			isa = PBXGroup;
			children = (
				BF0A7D2B2DB02A620087AC4A /* Tp3.app */,
				BF0A7D392DB02A640087AC4A /* Tp3Tests.xctest */,
				BF0A7D432DB02A640087AC4A /* Tp3UITests.xctest */,
			);
			name = Products;
			sourceTree = "<group>";
		};
/* End PBXGroup section */

/* Begin PBXNativeTarget section */
		BF0A7D2A2DB02A620087AC4A /* Tp3 */ = {
			isa = PBXNativeTarget;
			buildConfigurationList = BF0A7D4D2DB02A640087AC4A /* Build configuration list for PBXNativeTarget "Tp3" */;
			buildPhases = (
				BF0A7D272DB02A620087AC4A /* Sources */,
				BF0A7D282DB02A620087AC4A /* Frameworks */,
				BF0A7D292DB02A620087AC4A /* Resources */,
			);
			buildRules = (
			);
			dependencies = (
			);
			fileSystemSynchronizedGroups = (
				BF0A7D2D2DB02A620087AC4A /* Tp3 */,
			);
			name = Tp3;
			packageProductDependencies = (
				BF0A7D5B2DB02E1F0087AC4A /* FirebaseAnalytics */,
				BF0A7D5D2DB02E1F0087AC4A /* FirebaseAnalyticsOnDeviceConversion */,
				BF0A7D5F2DB02E1F0087AC4A /* FirebaseAnalyticsWithoutAdIdSupport */,
				BF0A7D612DB02E1F0087AC4A /* FirebaseAppCheck */,
				BF0A7D632DB02E1F0087AC4A /* FirebaseAppDistribution-Beta */,
				BF0A7D652DB02EBB0087AC4A /* FirebaseAuth */,
				BF0A7D672DB02EBB0087AC4A /* FirebaseCrashlytics */,
				BF0A7D692DB02EBB0087AC4A /* FirebaseDatabase */,
				BF0A7D6B2DB02EBB0087AC4A /* FirebaseDynamicLinks */,
				BF0A7D6D2DB02EBB0087AC4A /* FirebaseFirestore */,
				BF0A7D6F2DB02EBB0087AC4A /* FirebaseFirestoreCombine-Community */,
				BF0A7D712DB02EBB0087AC4A /* FirebaseFunctions */,
				BF0A7D732DB02EBB0087AC4A /* FirebaseFunctionsCombine-Community */,
				BF0A7D752DB02EBB0087AC4A /* FirebaseInAppMessaging-Beta */,
				BF0A7D772DB02EBB0087AC4A /* FirebaseInstallations */,
				BF0A7D792DB02EBB0087AC4A /* FirebaseMLModelDownloader */,
				BF0A7D7B2DB02EBB0087AC4A /* FirebaseMessaging */,
				BF0A7D7D2DB02EBB0087AC4A /* FirebasePerformance */,
				BF0A7D7F2DB02EBB0087AC4A /* FirebaseRemoteConfig */,
				BF0A7D812DB02EBB0087AC4A /* FirebaseStorage */,
				BF0A7D832DB02EBB0087AC4A /* FirebaseStorageCombine-Community */,
				BF0A7D852DB02EBB0087AC4A /* FirebaseVertexAI */,
				BF61F3B32DC2A44D00A4AE84 /* KeychainAccess */,
				BF61F3B62DC2A48900A4AE84 /* JWTDecode */,
			);
			productName = Tp3;
			productReference = BF0A7D2B2DB02A620087AC4A /* Tp3.app */;
			productType = "com.apple.product-type.application";
		};
		BF0A7D382DB02A640087AC4A /* Tp3Tests */ = {
			isa = PBXNativeTarget;
			buildConfigurationList = BF0A7D502DB02A640087AC4A /* Build configuration list for PBXNativeTarget "Tp3Tests" */;
			buildPhases = (
				BF0A7D352DB02A640087AC4A /* Sources */,
				BF0A7D362DB02A640087AC4A /* Frameworks */,
				BF0A7D372DB02A640087AC4A /* Resources */,
			);
			buildRules = (
			);
			dependencies = (
				BF0A7D3B2DB02A640087AC4A /* PBXTargetDependency */,
			);
			name = Tp3Tests;
			packageProductDependencies = (
			);
			productName = Tp3Tests;
			productReference = BF0A7D392DB02A640087AC4A /* Tp3Tests.xctest */;
			productType = "com.apple.product-type.bundle.unit-test";
		};
		BF0A7D422DB02A640087AC4A /* Tp3UITests */ = {
			isa = PBXNativeTarget;
			buildConfigurationList = BF0A7D532DB02A640087AC4A /* Build configuration list for PBXNativeTarget "Tp3UITests" */;
			buildPhases = (
				BF0A7D3F2DB02A640087AC4A /* Sources */,
				BF0A7D402DB02A640087AC4A /* Frameworks */,
				BF0A7D412DB02A640087AC4A /* Resources */,
			);
			buildRules = (
			);
			dependencies = (
				BF0A7D452DB02A640087AC4A /* PBXTargetDependency */,
			);
			name = Tp3UITests;
			packageProductDependencies = (
			);
			productName = Tp3UITests;
			productReference = BF0A7D432DB02A640087AC4A /* Tp3UITests.xctest */;
			productType = "com.apple.product-type.bundle.ui-testing";
		};
/* End PBXNativeTarget section */

/* Begin PBXProject section */
		BF0A7D232DB02A620087AC4A /* Project object */ = {
			isa = PBXProject;
			attributes = {
				BuildIndependentTargetsInParallel = 1;
				LastSwiftUpdateCheck = 1630;
				LastUpgradeCheck = 1630;
				TargetAttributes = {
					BF0A7D2A2DB02A620087AC4A = {
						CreatedOnToolsVersion = 16.3;
					};
					BF0A7D382DB02A640087AC4A = {
						CreatedOnToolsVersion = 16.3;
						TestTargetID = BF0A7D2A2DB02A620087AC4A;
					};
					BF0A7D422DB02A640087AC4A = {
						CreatedOnToolsVersion = 16.3;
						TestTargetID = BF0A7D2A2DB02A620087AC4A;
					};
				};
			};
			buildConfigurationList = BF0A7D262DB02A620087AC4A /* Build configuration list for PBXProject "Tp3" */;
			developmentRegion = en;
			hasScannedForEncodings = 0;
			knownRegions = (
				en,
				Base,
			);
			mainGroup = BF0A7D222DB02A620087AC4A;
			minimizedProjectReferenceProxies = 1;
			packageReferences = (
				BF0A7D5A2DB02E1F0087AC4A /* XCRemoteSwiftPackageReference "firebase-ios-sdk" */,
				BF61F3B22DC2A44D00A4AE84 /* XCRemoteSwiftPackageReference "KeychainAccess" */,
				BF61F3B52DC2A48900A4AE84 /* XCRemoteSwiftPackageReference "JWTDecode" */,
			);
			preferredProjectObjectVersion = 77;
			productRefGroup = BF0A7D2C2DB02A620087AC4A /* Products */;
			projectDirPath = "";
			projectRoot = "";
			targets = (
				BF0A7D2A2DB02A620087AC4A /* Tp3 */,
				BF0A7D382DB02A640087AC4A /* Tp3Tests */,
				BF0A7D422DB02A640087AC4A /* Tp3UITests */,
			);
		};
/* End PBXProject section */

/* Begin PBXResourcesBuildPhase section */
		BF0A7D292DB02A620087AC4A /* Resources */ = {
			isa = PBXResourcesBuildPhase;
			buildActionMask = 2147483647;
			files = (
			);
			runOnlyForDeploymentPostprocessing = 0;
		};
		BF0A7D372DB02A640087AC4A /* Resources */ = {
			isa = PBXResourcesBuildPhase;
			buildActionMask = 2147483647;
			files = (
			);
			runOnlyForDeploymentPostprocessing = 0;
		};
		BF0A7D412DB02A640087AC4A /* Resources */ = {
			isa = PBXResourcesBuildPhase;
			buildActionMask = 2147483647;
			files = (
			);
			runOnlyForDeploymentPostprocessing = 0;
		};
/* End PBXResourcesBuildPhase section */

/* Begin PBXSourcesBuildPhase section */
		BF0A7D272DB02A620087AC4A /* Sources */ = {
			isa = PBXSourcesBuildPhase;
			buildActionMask = 2147483647;
			files = (
			);
			runOnlyForDeploymentPostprocessing = 0;
		};
		BF0A7D352DB02A640087AC4A /* Sources */ = {
			isa = PBXSourcesBuildPhase;
			buildActionMask = 2147483647;
			files = (
			);
			runOnlyForDeploymentPostprocessing = 0;
		};
		BF0A7D3F2DB02A640087AC4A /* Sources */ = {
			isa = PBXSourcesBuildPhase;
			buildActionMask = 2147483647;
			files = (
			);
			runOnlyForDeploymentPostprocessing = 0;
		};
/* End PBXSourcesBuildPhase section */

/* Begin PBXTargetDependency section */
		BF0A7D3B2DB02A640087AC4A /* PBXTargetDependency */ = {
			isa = PBXTargetDependency;
			target = BF0A7D2A2DB02A620087AC4A /* Tp3 */;
			targetProxy = BF0A7D3A2DB02A640087AC4A /* PBXContainerItemProxy */;
		};
		BF0A7D452DB02A640087AC4A /* PBXTargetDependency */ = {
			isa = PBXTargetDependency;
			target = BF0A7D2A2DB02A620087AC4A /* Tp3 */;
			targetProxy = BF0A7D442DB02A640087AC4A /* PBXContainerItemProxy */;
		};
/* End PBXTargetDependency section */

/* Begin XCBuildConfiguration section */
		BF0A7D4B2DB02A640087AC4A /* Debug */ = {
			isa = XCBuildConfiguration;
			buildSettings = {
				ALWAYS_SEARCH_USER_PATHS = NO;
				ASSETCATALOG_COMPILER_GENERATE_SWIFT_ASSET_SYMBOL_EXTENSIONS = YES;
				CLANG_ANALYZER_NONNULL = YES;
				CLANG_ANALYZER_NUMBER_OBJECT_CONVERSION = YES_AGGRESSIVE;
				CLANG_CXX_LANGUAGE_STANDARD = "gnu++20";
				CLANG_ENABLE_MODULES = YES;
				CLANG_ENABLE_OBJC_ARC = YES;
				CLANG_ENABLE_OBJC_WEAK = YES;
				CLANG_WARN_BLOCK_CAPTURE_AUTORELEASING = YES;
				CLANG_WARN_BOOL_CONVERSION = YES;
				CLANG_WARN_COMMA = YES;
				CLANG_WARN_CONSTANT_CONVERSION = YES;
				CLANG_WARN_DEPRECATED_OBJC_IMPLEMENTATIONS = YES;
				CLANG_WARN_DIRECT_OBJC_ISA_USAGE = YES_ERROR;
				CLANG_WARN_DOCUMENTATION_COMMENTS = YES;
				CLANG_WARN_EMPTY_BODY = YES;
				CLANG_WARN_ENUM_CONVERSION = YES;
				CLANG_WARN_INFINITE_RECURSION = YES;
				CLANG_WARN_INT_CONVERSION = YES;
				CLANG_WARN_NON_LITERAL_NULL_CONVERSION = YES;
				CLANG_WARN_OBJC_IMPLICIT_RETAIN_SELF = YES;
				CLANG_WARN_OBJC_LITERAL_CONVERSION = YES;
				CLANG_WARN_OBJC_ROOT_CLASS = YES_ERROR;
				CLANG_WARN_QUOTED_INCLUDE_IN_FRAMEWORK_HEADER = YES;
				CLANG_WARN_RANGE_LOOP_ANALYSIS = YES;
				CLANG_WARN_STRICT_PROTOTYPES = YES;
				CLANG_WARN_SUSPICIOUS_MOVE = YES;
				CLANG_WARN_UNGUARDED_AVAILABILITY = YES_AGGRESSIVE;
				CLANG_WARN_UNREACHABLE_CODE = YES;
				CLANG_WARN__DUPLICATE_METHOD_MATCH = YES;
				COPY_PHASE_STRIP = NO;
				DEBUG_INFORMATION_FORMAT = dwarf;
				ENABLE_STRICT_OBJC_MSGSEND = YES;
				ENABLE_TESTABILITY = YES;
				ENABLE_USER_SCRIPT_SANDBOXING = YES;
				GCC_C_LANGUAGE_STANDARD = gnu17;
				GCC_DYNAMIC_NO_PIC = NO;
				GCC_NO_COMMON_BLOCKS = YES;
				GCC_OPTIMIZATION_LEVEL = 0;
				GCC_PREPROCESSOR_DEFINITIONS = (
					"DEBUG=1",
					"$(inherited)",
				);
				GCC_WARN_64_TO_32_BIT_CONVERSION = YES;
				GCC_WARN_ABOUT_RETURN_TYPE = YES_ERROR;
				GCC_WARN_UNDECLARED_SELECTOR = YES;
				GCC_WARN_UNINITIALIZED_AUTOS = YES_AGGRESSIVE;
				GCC_WARN_UNUSED_FUNCTION = YES;
				GCC_WARN_UNUSED_VARIABLE = YES;
				LOCALIZATION_PREFERS_STRING_CATALOGS = YES;
				MTL_ENABLE_DEBUG_INFO = INCLUDE_SOURCE;
				MTL_FAST_MATH = YES;
				ONLY_ACTIVE_ARCH = YES;
				SWIFT_ACTIVE_COMPILATION_CONDITIONS = "DEBUG $(inherited)";
				SWIFT_OPTIMIZATION_LEVEL = "-Onone";
			};
			name = Debug;
		};
		BF0A7D4C2DB02A640087AC4A /* Release */ = {
			isa = XCBuildConfiguration;
			buildSettings = {
				ALWAYS_SEARCH_USER_PATHS = NO;
				ASSETCATALOG_COMPILER_GENERATE_SWIFT_ASSET_SYMBOL_EXTENSIONS = YES;
				CLANG_ANALYZER_NONNULL = YES;
				CLANG_ANALYZER_NUMBER_OBJECT_CONVERSION = YES_AGGRESSIVE;
				CLANG_CXX_LANGUAGE_STANDARD = "gnu++20";
				CLANG_ENABLE_MODULES = YES;
				CLANG_ENABLE_OBJC_ARC = YES;
				CLANG_ENABLE_OBJC_WEAK = YES;
				CLANG_WARN_BLOCK_CAPTURE_AUTORELEASING = YES;
				CLANG_WARN_BOOL_CONVERSION = YES;
				CLANG_WARN_COMMA = YES;
				CLANG_WARN_CONSTANT_CONVERSION = YES;
				CLANG_WARN_DEPRECATED_OBJC_IMPLEMENTATIONS = YES;
				CLANG_WARN_DIRECT_OBJC_ISA_USAGE = YES_ERROR;
				CLANG_WARN_DOCUMENTATION_COMMENTS = YES;
				CLANG_WARN_EMPTY_BODY = YES;
				CLANG_WARN_ENUM_CONVERSION = YES;
				CLANG_WARN_INFINITE_RECURSION = YES;
				CLANG_WARN_INT_CONVERSION = YES;
				CLANG_WARN_NON_LITERAL_NULL_CONVERSION = YES;
				CLANG_WARN_OBJC_IMPLICIT_RETAIN_SELF = YES;
				CLANG_WARN_OBJC_LITERAL_CONVERSION = YES;
				CLANG_WARN_OBJC_ROOT_CLASS = YES_ERROR;
				CLANG_WARN_QUOTED_INCLUDE_IN_FRAMEWORK_HEADER = YES;
				CLANG_WARN_RANGE_LOOP_ANALYSIS = YES;
				CLANG_WARN_STRICT_PROTOTYPES = YES;
				CLANG_WARN_SUSPICIOUS_MOVE = YES;
				CLANG_WARN_UNGUARDED_AVAILABILITY = YES_AGGRESSIVE;
				CLANG_WARN_UNREACHABLE_CODE = YES;
				CLANG_WARN__DUPLICATE_METHOD_MATCH = YES;
				COPY_PHASE_STRIP = NO;
				DEBUG_INFORMATION_FORMAT = "dwarf-with-dsym";
				ENABLE_NS_ASSERTIONS = NO;
				ENABLE_STRICT_OBJC_MSGSEND = YES;
				ENABLE_USER_SCRIPT_SANDBOXING = YES;
				GCC_C_LANGUAGE_STANDARD = gnu17;
				GCC_NO_COMMON_BLOCKS = YES;
				GCC_WARN_64_TO_32_BIT_CONVERSION = YES;
				GCC_WARN_ABOUT_RETURN_TYPE = YES_ERROR;
				GCC_WARN_UNDECLARED_SELECTOR = YES;
				GCC_WARN_UNINITIALIZED_AUTOS = YES_AGGRESSIVE;
				GCC_WARN_UNUSED_FUNCTION = YES;
				GCC_WARN_UNUSED_VARIABLE = YES;
				LOCALIZATION_PREFERS_STRING_CATALOGS = YES;
				MTL_ENABLE_DEBUG_INFO = NO;
				MTL_FAST_MATH = YES;
				SWIFT_COMPILATION_MODE = wholemodule;
			};
			name = Release;
		};
		BF0A7D4E2DB02A640087AC4A /* Debug */ = {
			isa = XCBuildConfiguration;
			buildSettings = {
				ASSETCATALOG_COMPILER_APPICON_NAME = AppIcon;
				ASSETCATALOG_COMPILER_GLOBAL_ACCENT_COLOR_NAME = AccentColor;
				CODE_SIGN_ENTITLEMENTS = Tp3/Tp3.entitlements;
				CODE_SIGN_STYLE = Automatic;
				CURRENT_PROJECT_VERSION = 1;
				ENABLE_PREVIEWS = YES;
				GENERATE_INFOPLIST_FILE = YES;
				"INFOPLIST_KEY_UIApplicationSceneManifest_Generation[sdk=iphoneos*]" = YES;
				"INFOPLIST_KEY_UIApplicationSceneManifest_Generation[sdk=iphonesimulator*]" = YES;
				"INFOPLIST_KEY_UIApplicationSupportsIndirectInputEvents[sdk=iphoneos*]" = YES;
				"INFOPLIST_KEY_UIApplicationSupportsIndirectInputEvents[sdk=iphonesimulator*]" = YES;
				"INFOPLIST_KEY_UILaunchScreen_Generation[sdk=iphoneos*]" = YES;
				"INFOPLIST_KEY_UILaunchScreen_Generation[sdk=iphonesimulator*]" = YES;
				"INFOPLIST_KEY_UIStatusBarStyle[sdk=iphoneos*]" = UIStatusBarStyleDefault;
				"INFOPLIST_KEY_UIStatusBarStyle[sdk=iphonesimulator*]" = UIStatusBarStyleDefault;
				INFOPLIST_KEY_UISupportedInterfaceOrientations_iPad = "UIInterfaceOrientationPortrait UIInterfaceOrientationPortraitUpsideDown UIInterfaceOrientationLandscapeLeft UIInterfaceOrientationLandscapeRight";
				INFOPLIST_KEY_UISupportedInterfaceOrientations_iPhone = "UIInterfaceOrientationPortrait UIInterfaceOrientationLandscapeLeft UIInterfaceOrientationLandscapeRight";
				IPHONEOS_DEPLOYMENT_TARGET = 18.4;
				LD_RUNPATH_SEARCH_PATHS = "@executable_path/Frameworks";
				"LD_RUNPATH_SEARCH_PATHS[sdk=macosx*]" = "@executable_path/../Frameworks";
				MACOSX_DEPLOYMENT_TARGET = 15.2;
				MARKETING_VERSION = 1.0;
				PRODUCT_BUNDLE_IDENTIFIER = Phil.Tp3;
				PRODUCT_NAME = "$(TARGET_NAME)";
				REGISTER_APP_GROUPS = YES;
				SDKROOT = auto;
				SUPPORTED_PLATFORMS = "iphoneos iphonesimulator macosx xros xrsimulator";
				SWIFT_EMIT_LOC_STRINGS = YES;
				SWIFT_VERSION = 5.0;
				TARGETED_DEVICE_FAMILY = "1,2,7";
				XROS_DEPLOYMENT_TARGET = 2.4;
			};
			name = Debug;
		};
		BF0A7D4F2DB02A640087AC4A /* Release */ = {
			isa = XCBuildConfiguration;
			buildSettings = {
				ASSETCATALOG_COMPILER_APPICON_NAME = AppIcon;
				ASSETCATALOG_COMPILER_GLOBAL_ACCENT_COLOR_NAME = AccentColor;
				CODE_SIGN_ENTITLEMENTS = Tp3/Tp3.entitlements;
				CODE_SIGN_STYLE = Automatic;
				CURRENT_PROJECT_VERSION = 1;
				ENABLE_PREVIEWS = YES;
				GENERATE_INFOPLIST_FILE = YES;
				"INFOPLIST_KEY_UIApplicationSceneManifest_Generation[sdk=iphoneos*]" = YES;
				"INFOPLIST_KEY_UIApplicationSceneManifest_Generation[sdk=iphonesimulator*]" = YES;
				"INFOPLIST_KEY_UIApplicationSupportsIndirectInputEvents[sdk=iphoneos*]" = YES;
				"INFOPLIST_KEY_UIApplicationSupportsIndirectInputEvents[sdk=iphonesimulator*]" = YES;
				"INFOPLIST_KEY_UILaunchScreen_Generation[sdk=iphoneos*]" = YES;
				"INFOPLIST_KEY_UILaunchScreen_Generation[sdk=iphonesimulator*]" = YES;
				"INFOPLIST_KEY_UIStatusBarStyle[sdk=iphoneos*]" = UIStatusBarStyleDefault;
				"INFOPLIST_KEY_UIStatusBarStyle[sdk=iphonesimulator*]" = UIStatusBarStyleDefault;
				INFOPLIST_KEY_UISupportedInterfaceOrientations_iPad = "UIInterfaceOrientationPortrait UIInterfaceOrientationPortraitUpsideDown UIInterfaceOrientationLandscapeLeft UIInterfaceOrientationLandscapeRight";
				INFOPLIST_KEY_UISupportedInterfaceOrientations_iPhone = "UIInterfaceOrientationPortrait UIInterfaceOrientationLandscapeLeft UIInterfaceOrientationLandscapeRight";
				IPHONEOS_DEPLOYMENT_TARGET = 18.4;
				LD_RUNPATH_SEARCH_PATHS = "@executable_path/Frameworks";
				"LD_RUNPATH_SEARCH_PATHS[sdk=macosx*]" = "@executable_path/../Frameworks";
				MACOSX_DEPLOYMENT_TARGET = 15.2;
				MARKETING_VERSION = 1.0;
				PRODUCT_BUNDLE_IDENTIFIER = Phil.Tp3;
				PRODUCT_NAME = "$(TARGET_NAME)";
				REGISTER_APP_GROUPS = YES;
				SDKROOT = auto;
				SUPPORTED_PLATFORMS = "iphoneos iphonesimulator macosx xros xrsimulator";
				SWIFT_EMIT_LOC_STRINGS = YES;
				SWIFT_VERSION = 5.0;
				TARGETED_DEVICE_FAMILY = "1,2,7";
				XROS_DEPLOYMENT_TARGET = 2.4;
			};
			name = Release;
		};
		BF0A7D512DB02A640087AC4A /* Debug */ = {
			isa = XCBuildConfiguration;
			buildSettings = {
				BUNDLE_LOADER = "$(TEST_HOST)";
				CODE_SIGN_STYLE = Automatic;
				CURRENT_PROJECT_VERSION = 1;
				GENERATE_INFOPLIST_FILE = YES;
				IPHONEOS_DEPLOYMENT_TARGET = 18.4;
				MACOSX_DEPLOYMENT_TARGET = 15.2;
				MARKETING_VERSION = 1.0;
				PRODUCT_BUNDLE_IDENTIFIER = Phil.Tp3Tests;
				PRODUCT_NAME = "$(TARGET_NAME)";
				SDKROOT = auto;
				SUPPORTED_PLATFORMS = "iphoneos iphonesimulator macosx xros xrsimulator";
				SWIFT_EMIT_LOC_STRINGS = NO;
				SWIFT_VERSION = 5.0;
				TARGETED_DEVICE_FAMILY = "1,2,7";
				TEST_HOST = "$(BUILT_PRODUCTS_DIR)/Tp3.app/$(BUNDLE_EXECUTABLE_FOLDER_PATH)/Tp3";
				XROS_DEPLOYMENT_TARGET = 2.4;
			};
			name = Debug;
		};
		BF0A7D522DB02A640087AC4A /* Release */ = {
			isa = XCBuildConfiguration;
			buildSettings = {
				BUNDLE_LOADER = "$(TEST_HOST)";
				CODE_SIGN_STYLE = Automatic;
				CURRENT_PROJECT_VERSION = 1;
				GENERATE_INFOPLIST_FILE = YES;
				IPHONEOS_DEPLOYMENT_TARGET = 18.4;
				MACOSX_DEPLOYMENT_TARGET = 15.2;
				MARKETING_VERSION = 1.0;
				PRODUCT_BUNDLE_IDENTIFIER = Phil.Tp3Tests;
				PRODUCT_NAME = "$(TARGET_NAME)";
				SDKROOT = auto;
				SUPPORTED_PLATFORMS = "iphoneos iphonesimulator macosx xros xrsimulator";
				SWIFT_EMIT_LOC_STRINGS = NO;
				SWIFT_VERSION = 5.0;
				TARGETED_DEVICE_FAMILY = "1,2,7";
				TEST_HOST = "$(BUILT_PRODUCTS_DIR)/Tp3.app/$(BUNDLE_EXECUTABLE_FOLDER_PATH)/Tp3";
				XROS_DEPLOYMENT_TARGET = 2.4;
			};
			name = Release;
		};
		BF0A7D542DB02A640087AC4A /* Debug */ = {
			isa = XCBuildConfiguration;
			buildSettings = {
				CODE_SIGN_STYLE = Automatic;
				CURRENT_PROJECT_VERSION = 1;
				GENERATE_INFOPLIST_FILE = YES;
				IPHONEOS_DEPLOYMENT_TARGET = 18.4;
				MACOSX_DEPLOYMENT_TARGET = 15.2;
				MARKETING_VERSION = 1.0;
				PRODUCT_BUNDLE_IDENTIFIER = Phil.Tp3UITests;
				PRODUCT_NAME = "$(TARGET_NAME)";
				SDKROOT = auto;
				SUPPORTED_PLATFORMS = "iphoneos iphonesimulator macosx xros xrsimulator";
				SWIFT_EMIT_LOC_STRINGS = NO;
				SWIFT_VERSION = 5.0;
				TARGETED_DEVICE_FAMILY = "1,2,7";
				TEST_TARGET_NAME = Tp3;
				XROS_DEPLOYMENT_TARGET = 2.4;
			};
			name = Debug;
		};
		BF0A7D552DB02A640087AC4A /* Release */ = {
			isa = XCBuildConfiguration;
			buildSettings = {
				CODE_SIGN_STYLE = Automatic;
				CURRENT_PROJECT_VERSION = 1;
				GENERATE_INFOPLIST_FILE = YES;
				IPHONEOS_DEPLOYMENT_TARGET = 18.4;
				MACOSX_DEPLOYMENT_TARGET = 15.2;
				MARKETING_VERSION = 1.0;
				PRODUCT_BUNDLE_IDENTIFIER = Phil.Tp3UITests;
				PRODUCT_NAME = "$(TARGET_NAME)";
				SDKROOT = auto;
				SUPPORTED_PLATFORMS = "iphoneos iphonesimulator macosx xros xrsimulator";
				SWIFT_EMIT_LOC_STRINGS = NO;
				SWIFT_VERSION = 5.0;
				TARGETED_DEVICE_FAMILY = "1,2,7";
				TEST_TARGET_NAME = Tp3;
				XROS_DEPLOYMENT_TARGET = 2.4;
			};
			name = Release;
		};
/* End XCBuildConfiguration section */

/* Begin XCConfigurationList section */
		BF0A7D262DB02A620087AC4A /* Build configuration list for PBXProject "Tp3" */ = {
			isa = XCConfigurationList;
			buildConfigurations = (
				BF0A7D4B2DB02A640087AC4A /* Debug */,
				BF0A7D4C2DB02A640087AC4A /* Release */,
			);
			defaultConfigurationIsVisible = 0;
			defaultConfigurationName = Release;
		};
		BF0A7D4D2DB02A640087AC4A /* Build configuration list for PBXNativeTarget "Tp3" */ = {
			isa = XCConfigurationList;
			buildConfigurations = (
				BF0A7D4E2DB02A640087AC4A /* Debug */,
				BF0A7D4F2DB02A640087AC4A /* Release */,
			);
			defaultConfigurationIsVisible = 0;
			defaultConfigurationName = Release;
		};
		BF0A7D502DB02A640087AC4A /* Build configuration list for PBXNativeTarget "Tp3Tests" */ = {
			isa = XCConfigurationList;
			buildConfigurations = (
				BF0A7D512DB02A640087AC4A /* Debug */,
				BF0A7D522DB02A640087AC4A /* Release */,
			);
			defaultConfigurationIsVisible = 0;
			defaultConfigurationName = Release;
		};
		BF0A7D532DB02A640087AC4A /* Build configuration list for PBXNativeTarget "Tp3UITests" */ = {
			isa = XCConfigurationList;
			buildConfigurations = (
				BF0A7D542DB02A640087AC4A /* Debug */,
				BF0A7D552DB02A640087AC4A /* Release */,
			);
			defaultConfigurationIsVisible = 0;
			defaultConfigurationName = Release;
		};
/* End XCConfigurationList section */

/* Begin XCRemoteSwiftPackageReference section */
		BF0A7D5A2DB02E1F0087AC4A /* XCRemoteSwiftPackageReference "firebase-ios-sdk" */ = {
			isa = XCRemoteSwiftPackageReference;
			repositoryURL = "https://github.com/firebase/firebase-ios-sdk";
			requirement = {
				kind = upToNextMajorVersion;
				minimumVersion = 11.11.0;
			};
		};
		BF61F3B22DC2A44D00A4AE84 /* XCRemoteSwiftPackageReference "KeychainAccess" */ = {
			isa = XCRemoteSwiftPackageReference;
			repositoryURL = "https://github.com/kishikawakatsumi/KeychainAccess";
			requirement = {
				branch = master;
				kind = branch;
			};
		};
		BF61F3B52DC2A48900A4AE84 /* XCRemoteSwiftPackageReference "JWTDecode" */ = {
			isa = XCRemoteSwiftPackageReference;
			repositoryURL = "https://github.com/auth0/JWTDecode.swift";
			requirement = {
				kind = upToNextMajorVersion;
				minimumVersion = 3.3.0;
			};
		};
/* End XCRemoteSwiftPackageReference section */

/* Begin XCSwiftPackageProductDependency section */
		BF0A7D5B2DB02E1F0087AC4A /* FirebaseAnalytics */ = {
			isa = XCSwiftPackageProductDependency;
			package = BF0A7D5A2DB02E1F0087AC4A /* XCRemoteSwiftPackageReference "firebase-ios-sdk" */;
			productName = FirebaseAnalytics;
		};
		BF0A7D5D2DB02E1F0087AC4A /* FirebaseAnalyticsOnDeviceConversion */ = {
			isa = XCSwiftPackageProductDependency;
			package = BF0A7D5A2DB02E1F0087AC4A /* XCRemoteSwiftPackageReference "firebase-ios-sdk" */;
			productName = FirebaseAnalyticsOnDeviceConversion;
		};
		BF0A7D5F2DB02E1F0087AC4A /* FirebaseAnalyticsWithoutAdIdSupport */ = {
			isa = XCSwiftPackageProductDependency;
			package = BF0A7D5A2DB02E1F0087AC4A /* XCRemoteSwiftPackageReference "firebase-ios-sdk" */;
			productName = FirebaseAnalyticsWithoutAdIdSupport;
		};
		BF0A7D612DB02E1F0087AC4A /* FirebaseAppCheck */ = {
			isa = XCSwiftPackageProductDependency;
			package = BF0A7D5A2DB02E1F0087AC4A /* XCRemoteSwiftPackageReference "firebase-ios-sdk" */;
			productName = FirebaseAppCheck;
		};
		BF0A7D632DB02E1F0087AC4A /* FirebaseAppDistribution-Beta */ = {
			isa = XCSwiftPackageProductDependency;
			package = BF0A7D5A2DB02E1F0087AC4A /* XCRemoteSwiftPackageReference "firebase-ios-sdk" */;
			productName = "FirebaseAppDistribution-Beta";
		};
		BF0A7D652DB02EBB0087AC4A /* FirebaseAuth */ = {
			isa = XCSwiftPackageProductDependency;
			package = BF0A7D5A2DB02E1F0087AC4A /* XCRemoteSwiftPackageReference "firebase-ios-sdk" */;
			productName = FirebaseAuth;
		};
		BF0A7D672DB02EBB0087AC4A /* FirebaseCrashlytics */ = {
			isa = XCSwiftPackageProductDependency;
			package = BF0A7D5A2DB02E1F0087AC4A /* XCRemoteSwiftPackageReference "firebase-ios-sdk" */;
			productName = FirebaseCrashlytics;
		};
		BF0A7D692DB02EBB0087AC4A /* FirebaseDatabase */ = {
			isa = XCSwiftPackageProductDependency;
			package = BF0A7D5A2DB02E1F0087AC4A /* XCRemoteSwiftPackageReference "firebase-ios-sdk" */;
			productName = FirebaseDatabase;
		};
		BF0A7D6B2DB02EBB0087AC4A /* FirebaseDynamicLinks */ = {
			isa = XCSwiftPackageProductDependency;
			package = BF0A7D5A2DB02E1F0087AC4A /* XCRemoteSwiftPackageReference "firebase-ios-sdk" */;
			productName = FirebaseDynamicLinks;
		};
		BF0A7D6D2DB02EBB0087AC4A /* FirebaseFirestore */ = {
			isa = XCSwiftPackageProductDependency;
			package = BF0A7D5A2DB02E1F0087AC4A /* XCRemoteSwiftPackageReference "firebase-ios-sdk" */;
			productName = FirebaseFirestore;
		};
		BF0A7D6F2DB02EBB0087AC4A /* FirebaseFirestoreCombine-Community */ = {
			isa = XCSwiftPackageProductDependency;
			package = BF0A7D5A2DB02E1F0087AC4A /* XCRemoteSwiftPackageReference "firebase-ios-sdk" */;
			productName = "FirebaseFirestoreCombine-Community";
		};
		BF0A7D712DB02EBB0087AC4A /* FirebaseFunctions */ = {
			isa = XCSwiftPackageProductDependency;
			package = BF0A7D5A2DB02E1F0087AC4A /* XCRemoteSwiftPackageReference "firebase-ios-sdk" */;
			productName = FirebaseFunctions;
		};
		BF0A7D732DB02EBB0087AC4A /* FirebaseFunctionsCombine-Community */ = {
			isa = XCSwiftPackageProductDependency;
			package = BF0A7D5A2DB02E1F0087AC4A /* XCRemoteSwiftPackageReference "firebase-ios-sdk" */;
			productName = "FirebaseFunctionsCombine-Community";
		};
		BF0A7D752DB02EBB0087AC4A /* FirebaseInAppMessaging-Beta */ = {
			isa = XCSwiftPackageProductDependency;
			package = BF0A7D5A2DB02E1F0087AC4A /* XCRemoteSwiftPackageReference "firebase-ios-sdk" */;
			productName = "FirebaseInAppMessaging-Beta";
		};
		BF0A7D772DB02EBB0087AC4A /* FirebaseInstallations */ = {
			isa = XCSwiftPackageProductDependency;
			package = BF0A7D5A2DB02E1F0087AC4A /* XCRemoteSwiftPackageReference "firebase-ios-sdk" */;
			productName = FirebaseInstallations;
		};
		BF0A7D792DB02EBB0087AC4A /* FirebaseMLModelDownloader */ = {
			isa = XCSwiftPackageProductDependency;
			package = BF0A7D5A2DB02E1F0087AC4A /* XCRemoteSwiftPackageReference "firebase-ios-sdk" */;
			productName = FirebaseMLModelDownloader;
		};
		BF0A7D7B2DB02EBB0087AC4A /* FirebaseMessaging */ = {
			isa = XCSwiftPackageProductDependency;
			package = BF0A7D5A2DB02E1F0087AC4A /* XCRemoteSwiftPackageReference "firebase-ios-sdk" */;
			productName = FirebaseMessaging;
		};
		BF0A7D7D2DB02EBB0087AC4A /* FirebasePerformance */ = {
			isa = XCSwiftPackageProductDependency;
			package = BF0A7D5A2DB02E1F0087AC4A /* XCRemoteSwiftPackageReference "firebase-ios-sdk" */;
			productName = FirebasePerformance;
		};
		BF0A7D7F2DB02EBB0087AC4A /* FirebaseRemoteConfig */ = {
			isa = XCSwiftPackageProductDependency;
			package = BF0A7D5A2DB02E1F0087AC4A /* XCRemoteSwiftPackageReference "firebase-ios-sdk" */;
			productName = FirebaseRemoteConfig;
		};
		BF0A7D812DB02EBB0087AC4A /* FirebaseStorage */ = {
			isa = XCSwiftPackageProductDependency;
			package = BF0A7D5A2DB02E1F0087AC4A /* XCRemoteSwiftPackageReference "firebase-ios-sdk" */;
			productName = FirebaseStorage;
		};
		BF0A7D832DB02EBB0087AC4A /* FirebaseStorageCombine-Community */ = {
			isa = XCSwiftPackageProductDependency;
			package = BF0A7D5A2DB02E1F0087AC4A /* XCRemoteSwiftPackageReference "firebase-ios-sdk" */;
			productName = "FirebaseStorageCombine-Community";
		};
		BF0A7D852DB02EBB0087AC4A /* FirebaseVertexAI */ = {
			isa = XCSwiftPackageProductDependency;
			package = BF0A7D5A2DB02E1F0087AC4A /* XCRemoteSwiftPackageReference "firebase-ios-sdk" */;
			productName = FirebaseVertexAI;
		};
		BF61F3B32DC2A44D00A4AE84 /* KeychainAccess */ = {
			isa = XCSwiftPackageProductDependency;
			package = BF61F3B22DC2A44D00A4AE84 /* XCRemoteSwiftPackageReference "KeychainAccess" */;
			productName = KeychainAccess;
		};
		BF61F3B62DC2A48900A4AE84 /* JWTDecode */ = {
			isa = XCSwiftPackageProductDependency;
			package = BF61F3B52DC2A48900A4AE84 /* XCRemoteSwiftPackageReference "JWTDecode" */;
			productName = JWTDecode;
		};
/* End XCSwiftPackageProductDependency section */
	};
	rootObject = BF0A7D232DB02A620087AC4A /* Project object */;
}
